<?xml version="1.0" encoding="utf-8"?>
<Project ToolsVersion="4.0" xmlns="http://schemas.microsoft.com/developer/msbuild/2003">
  <ItemGroup>
    <Filter Include="src">
      <UniqueIdentifier>{68a4bd5f-fb0a-4806-8170-77eff579ee39}</UniqueIdentifier>
    </Filter>
    <Filter Include="src\rx">
      <UniqueIdentifier>{860d4fa0-9109-4d59-9c9e-2a84c649144e}</UniqueIdentifier>
    </Filter>
    <Filter Include="src\rx\internal">
      <UniqueIdentifier>{fdbd3caf-7a41-4c5a-ad7e-f234e3df015c}</UniqueIdentifier>
    </Filter>
    <Filter Include="src\rx\internal\scheduler">
      <UniqueIdentifier>{6a691010-89af-4030-b15f-df0f27c6e187}</UniqueIdentifier>
    </Filter>
    <Filter Include="src\rx\internal\operator">
      <UniqueIdentifier>{7fdc0663-717a-41db-8b6f-7f1bfd3a866c}</UniqueIdentifier>
    </Filter>
    <Filter Include="src\rx\internal\thread">
      <UniqueIdentifier>{494fa7ba-6fa9-4526-9146-687947929c6b}</UniqueIdentifier>
    </Filter>
    <Filter Include="src\rx\internal\creator">
      <UniqueIdentifier>{436ff087-c8b6-490d-9e1b-c277818feadf}</UniqueIdentifier>
    </Filter>
    <Filter Include="src\rx\internal\subject">
      <UniqueIdentifier>{3f113eb9-7710-459f-b85a-2f1367fa1ea1}</UniqueIdentifier>
    </Filter>
  </ItemGroup>
  <ItemGroup>
    <ClInclude Include="src\rx\error.h">
      <Filter>src\rx</Filter>
    </ClInclude>
    <ClInclude Include="src\rx\observable.h">
      <Filter>src\rx</Filter>
    </ClInclude>
    <ClInclude Include="src\rx\observer.h">
      <Filter>src\rx</Filter>
    </ClInclude>
    <ClInclude Include="src\rx\observer_functions.h">
      <Filter>src\rx</Filter>
    </ClInclude>
    <ClInclude Include="src\rx\subject.h">
      <Filter>src\rx</Filter>
    </ClInclude>
    <ClInclude Include="src\rx\subscription.h">
      <Filter>src\rx</Filter>
    </ClInclude>
    <ClInclude Include="src\rx\internal\general_observer.h">
      <Filter>src\rx\internal</Filter>
    </ClInclude>
    <ClInclude Include="src\rx\internal\observable.h">
      <Filter>src\rx\internal</Filter>
    </ClInclude>
    <ClInclude Include="src\rx\internal\observer.h">
      <Filter>src\rx\internal</Filter>
    </ClInclude>
    <ClInclude Include="src\rx\internal\subscription.h">
      <Filter>src\rx\internal</Filter>
    </ClInclude>
    <ClInclude Include="src\rx\scheduler.h">
      <Filter>src\rx</Filter>
    </ClInclude>
    <ClInclude Include="src\rx\internal\scheduler\scheduler_manager.h">
      <Filter>src\rx\internal\scheduler</Filter>
    </ClInclude>
    <ClInclude Include="src\rx\internal\scheduler\new_thread_scheduler.h">
      <Filter>src\rx\internal\scheduler</Filter>
    </ClInclude>
    <ClInclude Include="src\rx\internal\operator\observe_on_operator.h">
      <Filter>src\rx\internal\operator</Filter>
    </ClInclude>
    <ClInclude Include="src\rx\internal\thread\thread_manager.h">
      <Filter>src\rx\internal\thread</Filter>
    </ClInclude>
    <ClInclude Include="src\rx\work.h">
      <Filter>src\rx</Filter>
    </ClInclude>
    <ClInclude Include="src\rx\internal\thread\main_thread.h">
      <Filter>src\rx\internal\thread</Filter>
    </ClInclude>
    <ClInclude Include="src\rx\internal\scheduler\main_thread_scheduler.h">
      <Filter>src\rx\internal\scheduler</Filter>
    </ClInclude>
    <ClInclude Include="src\rx\run_loop_thread.h">
      <Filter>src\rx</Filter>
    </ClInclude>
    <ClInclude Include="src\rx\internal\thread\thread.h">
      <Filter>src\rx\internal\thread</Filter>
    </ClInclude>
    <ClInclude Include="src\rx\internal\thread\general_run_loop_thread.h">
      <Filter>src\rx\internal\thread</Filter>
    </ClInclude>
    <ClInclude Include="src\rx\internal\scheduler\thread_pool_scheduler.h">
      <Filter>src\rx\internal\scheduler</Filter>
    </ClInclude>
    <ClInclude Include="src\rx\internal\operator\concat_map_operator.h">
      <Filter>src\rx\internal\operator</Filter>
    </ClInclude>
    <ClInclude Include="src\rx\internal\operator\last_operator.h">
      <Filter>src\rx\internal\operator</Filter>
    </ClInclude>
    <ClInclude Include="src\rx\internal\operator\map_operator.h">
      <Filter>src\rx\internal\operator</Filter>
    </ClInclude>
    <ClInclude Include="src\rx\creation.h">
      <Filter>src\rx</Filter>
    </ClInclude>
    <ClInclude Include="src\rx\internal\creator\range_creator.h">
      <Filter>src\rx\internal\creator</Filter>
    </ClInclude>
    <ClInclude Include="src\rx\internal\creator\customized_creator.h">
      <Filter>src\rx\internal\creator</Filter>
    </ClInclude>
    <ClInclude Include="src\rx\internal\creator\just_creator.h">
      <Filter>src\rx\internal\creator</Filter>
    </ClInclude>
    <ClInclude Include="src\rx\internal\operator\subscribe_on_operator.h">
      <Filter>src\rx\internal\operator</Filter>
    </ClInclude>
    <ClInclude Include="src\rx\internal\creator\merge_creator.h">
      <Filter>src\rx\internal\creator</Filter>
    </ClInclude>
    <ClInclude Include="src\rx\internal\base_subscription.h">
      <Filter>src\rx\internal</Filter>
    </ClInclude>
    <ClInclude Include="src\rx\internal\subscription_creation.h">
      <Filter>src\rx\internal</Filter>
    </ClInclude>
    <ClInclude Include="src\rx\internal\subscription_core.h">
      <Filter>src\rx\internal</Filter>
    </ClInclude>
    <ClInclude Include="src\rx\subscription_host.h">
      <Filter>src\rx</Filter>
    </ClInclude>
    <ClInclude Include="src\rx\subscription_container.h">
      <Filter>src\rx</Filter>
    </ClInclude>
    <ClInclude Include="src\rx\internal\subscription_container.h">
      <Filter>src\rx\internal</Filter>
    </ClInclude>
    <ClInclude Include="src\rx\internal\operator\first_operator.h">
      <Filter>src\rx\internal\operator</Filter>
    </ClInclude>
    <ClInclude Include="src\rx\internal\customized_subscription_core.h">
      <Filter>src\rx\internal</Filter>
    </ClInclude>
    <ClInclude Include="src\rx\internal\scheduler\timer_manager.h">
      <Filter>src\rx\internal\scheduler</Filter>
    </ClInclude>
    <ClInclude Include="src\rx\internal\scheduler\timer_scheduler.h">
      <Filter>src\rx\internal\scheduler</Filter>
    </ClInclude>
    <ClInclude Include="src\rx\internal\creator\timer_creator.h">
      <Filter>src\rx\internal\creator</Filter>
    </ClInclude>
    <ClInclude Include="src\rx\internal\subject\replay_subject.h">
      <Filter>src\rx\internal\subject</Filter>
    </ClInclude>
    <ClInclude Include="src\rx\internal\subject\subject.h">
      <Filter>src\rx\internal\subject</Filter>
    </ClInclude>
    <ClInclude Include="src\rx\internal\subject\subject_core.h">
      <Filter>src\rx\internal\subject</Filter>
    </ClInclude>
    <ClInclude Include="src\rx\internal\subject\replay_subject_core.h">
      <Filter>src\rx\internal\subject</Filter>
    </ClInclude>
  </ItemGroup>
  <ItemGroup>
    <ClCompile Include="src\rx\internal\observable.cpp">
      <Filter>src\rx\internal</Filter>
    </ClCompile>
    <ClCompile Include="src\rx\scheduler.cpp">
      <Filter>src\rx</Filter>
    </ClCompile>
    <ClCompile Include="src\rx\internal\scheduler\scheduler_manager.cpp">
      <Filter>src\rx\internal\scheduler</Filter>
    </ClCompile>
    <ClCompile Include="src\rx\internal\scheduler\new_thread_scheduler.cpp">
      <Filter>src\rx\internal\scheduler</Filter>
    </ClCompile>
    <ClCompile Include="src\rx\internal\thread\thread_manager.cpp">
      <Filter>src\rx\internal\thread</Filter>
    </ClCompile>
    <ClCompile Include="src\rx\internal\thread\main_thread.cpp">
      <Filter>src\rx\internal\thread</Filter>
    </ClCompile>
    <ClCompile Include="src\rx\internal\scheduler\main_thread_scheduler.cpp">
      <Filter>src\rx\internal\scheduler</Filter>
    </ClCompile>
    <ClCompile Include="src\rx\run_loop_thread.cpp">
      <Filter>src\rx</Filter>
    </ClCompile>
    <ClCompile Include="src\rx\internal\thread\thread.cpp">
      <Filter>src\rx\internal\thread</Filter>
    </ClCompile>
    <ClCompile Include="src\rx\internal\thread\general_run_loop_thread.cpp">
      <Filter>src\rx\internal\thread</Filter>
    </ClCompile>
    <ClCompile Include="src\rx\internal\scheduler\thread_pool_scheduler.cpp">
      <Filter>src\rx\internal\scheduler</Filter>
    </ClCompile>
    <ClCompile Include="src\rx\internal\observer.cpp">
      <Filter>src\rx\internal</Filter>
    </ClCompile>
    <ClCompile Include="src\rx\creation.cpp">
      <Filter>src\rx</Filter>
    </ClCompile>
    <ClCompile Include="src\rx\internal\creator\customized_creator.cpp">
      <Filter>src\rx\internal\creator</Filter>
    </ClCompile>
    <ClCompile Include="src\rx\subscription.cpp">
      <Filter>src\rx</Filter>
    </ClCompile>
    <ClCompile Include="src\rx\internal\creator\just_creator.cpp">
      <Filter>src\rx\internal\creator</Filter>
    </ClCompile>
    <ClCompile Include="src\rx\internal\creator\merge_creator.cpp">
      <Filter>src\rx\internal\creator</Filter>
    </ClCompile>
    <ClCompile Include="src\rx\internal\subscription_creation.cpp">
      <Filter>src\rx\internal</Filter>
    </ClCompile>
    <ClCompile Include="src\rx\internal\subscription_core.cpp">
      <Filter>src\rx\internal</Filter>
    </ClCompile>
    <ClCompile Include="src\rx\subscription_container.cpp">
      <Filter>src\rx</Filter>
    </ClCompile>
    <ClCompile Include="src\rx\internal\scheduler\timer_manager.cpp">
      <Filter>src\rx\internal\scheduler</Filter>
    </ClCompile>
    <ClCompile Include="src\rx\internal\scheduler\timer_scheduler.cpp">
      <Filter>src\rx\internal\scheduler</Filter>
    </ClCompile>
    <ClCompile Include="src\rx\internal\creator\timer_creator.cpp">
      <Filter>src\rx\internal\creator</Filter>
    </ClCompile>
    <ClCompile Include="src\rx\internal\subject\subject.cpp">
      <Filter>src\rx\internal\subject</Filter>
    </ClCompile>
    <ClCompile Include="src\rx\internal\subject\subject_core.cpp">
      <Filter>src\rx\internal\subject</Filter>
    </ClCompile>
    <ClCompile Include="src\rx\internal\subject\replay_subject_core.cpp">
      <Filter>src\rx\internal\subject</Filter>
    </ClCompile>
    <ClCompile Include="src\rx\internal\subject\replay_subject.cpp">
      <Filter>src\rx\internal\subject</Filter>
    </ClCompile>
  </ItemGroup>
</Project>